
Microsoft Visual Studio Solution File, Format Version 12.00
# Visual Studio Version 16
VisualStudioVersion = 16.0.30523.141
MinimumVisualStudioVersion = 10.0.40219.1
Project("{8BC9CEB8-8B4A-11D0-8D11-00A0C91BC942}") = "WS03", "WS03.vcxproj", "{EE91B455-092D-4F70-A9BE-483C95377E9E}"
EndProject
Global
	GlobalSection(SolutionConfigurationPlatforms) = preSolution
		Debug|x64 = Debug|x64
		Debug|x86 = Debug|x86
		Release|x64 = Release|x64
		Release|x86 = Release|x86
	EndGlobalSection
	GlobalSection(ProjectConfigurationPlatforms) = postSolution
		{EE91B455-092D-4F70-A9BE-483C95377E9E}.Debug|x64.ActiveCfg = Debug|x64
		{EE91B455-092D-4F70-A9BE-483C95377E9E}.Debug|x64.Build.0 = Debug|x64
		{EE91B455-092D-4F70-A9BE-483C95377E9E}.Debug|x86.ActiveCfg = Debug|Win32
		{EE91B455-092D-4F70-A9BE-483C95377E9E}.Debug|x86.Build.0 = Debug|Win32
		{EE91B455-092D-4F70-A9BE-483C95377E9E}.Release|x64.ActiveCfg = Release|x64
		{EE91B455-092D-4F70-A9BE-483C95377E9E}.Release|x64.Build.0 = Release|x64
		{EE91B455-092D-4F70-A9BE-483C95377E9E}.Release|x86.ActiveCfg = Release|Win32
		{EE91B455-092D-4F70-A9BE-483C95377E9E}.Release|x86.Build.0 = Release|Win32
	EndGlobalSection
	GlobalSection(SolutionProperties) = preSolution
		HideSolutionNode = FALSE
	EndGlobalSection
	GlobalSection(ExtensibilityGlobals) = postSolution
		SolutionGuid = {D76D9B84-7ECF-44A6-B8A4-F15B02EFB9A6}
	EndGlobalSection
EndGlobal
